# @generated - this file is auto-generated by `mise lock` https://mise.jdx.dev/dev-tools/mise-lock.html

[[tools.act]]
version = "0.2.89"
backend = "aqua:nektos/act"

[tools.act."platforms.linux-arm64"]
checksum = "sha256:daa8679ba9615a74d2d0cec321dc593f21948a2a11bb65862b063d8b930f4bcb"
url = "https://github.com/nektos/act/releases/download/v0.2.89/act_Linux_arm64.tar.gz"
url_api = "https://api.github.com/repos/nektos/act/releases/assets/434891274"

[tools.act."platforms.linux-arm64-musl"]
checksum = "sha256:daa8679ba9615a74d2d0cec321dc593f21948a2a11bb65862b063d8b930f4bcb"
url = "https://github.com/nektos/act/releases/download/v0.2.89/act_Linux_arm64.tar.gz"
url_api = "https://api.github.com/repos/nektos/act/releases/assets/434891274"

[tools.act."platforms.linux-x64"]
checksum = "sha256:0191d6f1f3b716b5c55820032605d05fc3c1cdbf581ebeff655019e5dd1524c0"
url = "https://github.com/nektos/act/releases/download/v0.2.89/act_Linux_x86_64.tar.gz"
url_api = "https://api.github.com/repos/nektos/act/releases/assets/434891246"

[tools.act."platforms.linux-x64-musl"]
checksum = "sha256:0191d6f1f3b716b5c55820032605d05fc3c1cdbf581ebeff655019e5dd1524c0"
url = "https://github.com/nektos/act/releases/download/v0.2.89/act_Linux_x86_64.tar.gz"
url_api = "https://api.github.com/repos/nektos/act/releases/assets/434891246"

[tools.act."platforms.macos-arm64"]
checksum = "sha256:48ae218af96725f7635a66de2b87e1e346893b02add0f16b92f560296b2151fc"
url = "https://github.com/nektos/act/releases/download/v0.2.89/act_Darwin_arm64.tar.gz"
url_api = "https://api.github.com/repos/nektos/act/releases/assets/434891257"

[tools.act."platforms.macos-x64"]
checksum = "sha256:41b31488e7c254baec31cce12c7dade3e35973b8a31b9486206ad43f233d814e"
url = "https://github.com/nektos/act/releases/download/v0.2.89/act_Darwin_x86_64.tar.gz"
url_api = "https://api.github.com/repos/nektos/act/releases/assets/434891248"

[tools.act."platforms.windows-x64"]
checksum = "sha256:0f8cf866ad7e32421a219fc551a0a0ea5d12ead464de12ebfeafd334a5973b50"
url = "https://github.com/nektos/act/releases/download/v0.2.89/act_Windows_x86_64.zip"
url_api = "https://api.github.com/repos/nektos/act/releases/assets/434891261"

[[tools.actionlint]]
version = "1.7.12"
backend = "aqua:rhysd/actionlint"

[tools.actionlint."platforms.linux-arm64"]
checksum = "sha256:325e971b6ba9bfa504672e29be93c24981eeb1c07576d730e9f7c8805afff0c6"
url = "https://github.com/rhysd/actionlint/releases/download/v1.7.12/actionlint_1.7.12_linux_arm64.tar.gz"
url_api = "https://api.github.com/repos/rhysd/actionlint/releases/assets/384924897"
provenance = "github-attestations"

[tools.actionlint."platforms.linux-arm64-musl"]
checksum = "sha256:325e971b6ba9bfa504672e29be93c24981eeb1c07576d730e9f7c8805afff0c6"
url = "https://github.com/rhysd/actionlint/releases/download/v1.7.12/actionlint_1.7.12_linux_arm64.tar.gz"
url_api = "https://api.github.com/repos/rhysd/actionlint/releases/assets/384924897"
provenance = "github-attestations"

[tools.actionlint."platforms.linux-x64"]
checksum = "sha256:8aca8db96f1b94770f1b0d72b6dddcb1ebb8123cb3712530b08cc387b349a3d8"
url = "https://github.com/rhysd/actionlint/releases/download/v1.7.12/actionlint_1.7.12_linux_amd64.tar.gz"
url_api = "https://api.github.com/repos/rhysd/actionlint/releases/assets/384924896"
provenance = "github-attestations"

[tools.actionlint."platforms.linux-x64-musl"]
checksum = "sha256:8aca8db96f1b94770f1b0d72b6dddcb1ebb8123cb3712530b08cc387b349a3d8"
url = "https://github.com/rhysd/actionlint/releases/download/v1.7.12/actionlint_1.7.12_linux_amd64.tar.gz"
url_api = "https://api.github.com/repos/rhysd/actionlint/releases/assets/384924896"
provenance = "github-attestations"

[tools.actionlint."platforms.macos-arm64"]
checksum = "sha256:aba9ced2dee8d27fecca3dc7feb1a7f9a52caefa1eb46f3271ea66b6e0e6953f"
url = "https://github.com/rhysd/actionlint/releases/download/v1.7.12/actionlint_1.7.12_darwin_arm64.tar.gz"
url_api = "https://api.github.com/repos/rhysd/actionlint/releases/assets/384924893"
provenance = "github-attestations"

[tools.actionlint."platforms.macos-x64"]
checksum = "sha256:5b44c3bc2255115c9b69e30efc0fecdf498fdb63c5d58e17084fd5f16324c644"
url = "https://github.com/rhysd/actionlint/releases/download/v1.7.12/actionlint_1.7.12_darwin_amd64.tar.gz"
url_api = "https://api.github.com/repos/rhysd/actionlint/releases/assets/384924880"
provenance = "github-attestations"

[tools.actionlint."platforms.windows-x64"]
checksum = "sha256:6e7241b51e6817ea6a047693d8e6fed13b31819c9a0dd6c5a726e1592d22f6e9"
url = "https://github.com/rhysd/actionlint/releases/download/v1.7.12/actionlint_1.7.12_windows_amd64.zip"
url_api = "https://api.github.com/repos/rhysd/actionlint/releases/assets/384924919"
provenance = "github-attestations"

[[tools.prek]]
version = "0.4.8"
backend = "aqua:j178/prek"

[tools.prek."platforms.linux-arm64"]
checksum = "sha256:379108e6b2db7d49277ad2986446097f442b252ef27ff07bd0cbf716de982eb1"
url = "https://github.com/j178/prek/releases/download/v0.4.8/prek-aarch64-unknown-linux-musl.tar.gz"
url_api = "https://api.github.com/repos/j178/prek/releases/assets/466303287"
provenance = "github-attestations"

[tools.prek."platforms.linux-arm64-musl"]
checksum = "sha256:379108e6b2db7d49277ad2986446097f442b252ef27ff07bd0cbf716de982eb1"
url = "https://github.com/j178/prek/releases/download/v0.4.8/prek-aarch64-unknown-linux-musl.tar.gz"
url_api = "https://api.github.com/repos/j178/prek/releases/assets/466303287"
provenance = "github-attestations"

[tools.prek."platforms.linux-x64"]
checksum = "sha256:21df9ac0c3d3c047e424be612cc55f5b243546f9ef5cde12ed134752312bdf7b"
url = "https://github.com/j178/prek/releases/download/v0.4.8/prek-x86_64-unknown-linux-musl.tar.gz"
url_api = "https://api.github.com/repos/j178/prek/releases/assets/466303341"
provenance = "github-attestations"

[tools.prek."platforms.linux-x64-musl"]
checksum = "sha256:21df9ac0c3d3c047e424be612cc55f5b243546f9ef5cde12ed134752312bdf7b"
url = "https://github.com/j178/prek/releases/download/v0.4.8/prek-x86_64-unknown-linux-musl.tar.gz"
url_api = "https://api.github.com/repos/j178/prek/releases/assets/466303341"
provenance = "github-attestations"

[tools.prek."platforms.macos-arm64"]
checksum = "sha256:f0084a9b5ce467c00306b2b329cc929744e2723ed1e7c369929a60ab10196fcc"
url = "https://github.com/j178/prek/releases/download/v0.4.8/prek-aarch64-apple-darwin.tar.gz"
url_api = "https://api.github.com/repos/j178/prek/releases/assets/466303279"
provenance = "github-attestations"

[tools.prek."platforms.macos-x64"]
checksum = "sha256:dc402357bc5074791f4f1bcf5ce8622da38272e210ff84a551d3044e8da6f05d"
url = "https://github.com/j178/prek/releases/download/v0.4.8/prek-x86_64-apple-darwin.tar.gz"
url_api = "https://api.github.com/repos/j178/prek/releases/assets/466303322"
provenance = "github-attestations"

[tools.prek."platforms.windows-x64"]
checksum = "sha256:7c17dba682812ab24e04a4982dccc228dbf74b695444bd9fa8cbb8c1dc78664c"
url = "https://github.com/j178/prek/releases/download/v0.4.8/prek-x86_64-pc-windows-msvc.zip"
url_api = "https://api.github.com/repos/j178/prek/releases/assets/466303326"
provenance = "github-attestations"

[[tools.python]]
version = "3.14.6"
backend = "core:python"

[tools.python."platforms.linux-arm64"]
checksum = "sha256:f177d40ca931df03f660fc006f86ad8cd2ac6e7d6b5d54edbc625103464fc4aa"
url = "https://github.com/astral-sh/python-build-standalone/releases/download/20260623/cpython-3.14.6+20260623-aarch64-unknown-linux-gnu-install_only_stripped.tar.gz"
provenance = "github-attestations"

[tools.python."platforms.linux-arm64-musl"]
checksum = "sha256:11d463be3e2d34ea67722acfd8f3f2d6d6e5b6b4d4ab27240f220628134a0141"
url = "https://github.com/astral-sh/python-build-standalone/releases/download/20260623/cpython-3.14.6+20260623-aarch64-unknown-linux-musl-install_only_stripped.tar.gz"
provenance = "github-attestations"

[tools.python."platforms.linux-x64"]
checksum = "sha256:c172314f4a8ec137a8f605289010c3d19c8b56867d968f0095074cc68efa1d29"
url = "https://github.com/astral-sh/python-build-standalone/releases/download/20260623/cpython-3.14.6+20260623-x86_64-unknown-linux-gnu-install_only_stripped.tar.gz"
provenance = "github-attestations"

[tools.python."platforms.linux-x64-musl"]
checksum = "sha256:f25064ecb3b07cfe2440b178e72001cf1e0d69a5e53625ca3a32b7ae4e2fdcc6"
url = "https://github.com/astral-sh/python-build-standalone/releases/download/20260623/cpython-3.14.6+20260623-x86_64-unknown-linux-musl-install_only_stripped.tar.gz"
provenance = "github-attestations"

[tools.python."platforms.macos-arm64"]
checksum = "sha256:35d774f61d63c1fd4f1bc9495a7ada92e500dc4382a0df8a9910eb87ea48e8cf"
url = "https://github.com/astral-sh/python-build-standalone/releases/download/20260623/cpython-3.14.6+20260623-aarch64-apple-darwin-install_only_stripped.tar.gz"
provenance = "github-attestations"

[tools.python."platforms.macos-x64"]
checksum = "sha256:12fb3ea3d6a855fe6ca1c2241702b06cb7e5939fbef09a5f54bf326e480f66af"
url = "https://github.com/astral-sh/python-build-standalone/releases/download/20260623/cpython-3.14.6+20260623-x86_64-apple-darwin-install_only_stripped.tar.gz"
provenance = "github-attestations"

[tools.python."platforms.windows-x64"]
checksum = "sha256:ec05b628ad749682d06d225780fbc02e7bbb5ce2146c9bd8e74a3659b14b693a"
url = "https://github.com/astral-sh/python-build-standalone/releases/download/20260623/cpython-3.14.6+20260623-x86_64-pc-windows-msvc-install_only_stripped.tar.gz"
provenance = "github-attestations"

[[tools.ty]]
version = "0.0.57"
backend = "aqua:astral-sh/ty"

[tools.ty."platforms.linux-arm64"]
checksum = "sha256:2bb0bf2b4b14fdabcfa94272e28837b306309a08adf3eadc3e2f8e7c0a48e7e9"
url = "https://github.com/astral-sh/ty/releases/download/0.0.57/ty-aarch64-unknown-linux-musl.tar.gz"
url_api = "https://api.github.com/repos/astral-sh/ty/releases/assets/470205335"
provenance = "github-attestations"

[tools.ty."platforms.linux-arm64-musl"]
checksum = "sha256:2bb0bf2b4b14fdabcfa94272e28837b306309a08adf3eadc3e2f8e7c0a48e7e9"
url = "https://github.com/astral-sh/ty/releases/download/0.0.57/ty-aarch64-unknown-linux-musl.tar.gz"
url_api = "https://api.github.com/repos/astral-sh/ty/releases/assets/470205335"
provenance = "github-attestations"

[tools.ty."platforms.linux-x64"]
checksum = "sha256:fdfb51cf69617c549a7c305ffe7b57ba807eafc22fde852026dcd75876fc08cf"
url = "https://github.com/astral-sh/ty/releases/download/0.0.57/ty-x86_64-unknown-linux-musl.tar.gz"
url_api = "https://api.github.com/repos/astral-sh/ty/releases/assets/470205402"
provenance = "github-attestations"

[tools.ty."platforms.linux-x64-musl"]
checksum = "sha256:fdfb51cf69617c549a7c305ffe7b57ba807eafc22fde852026dcd75876fc08cf"
url = "https://github.com/astral-sh/ty/releases/download/0.0.57/ty-x86_64-unknown-linux-musl.tar.gz"
url_api = "https://api.github.com/repos/astral-sh/ty/releases/assets/470205402"
provenance = "github-attestations"

[tools.ty."platforms.macos-arm64"]
checksum = "sha256:24703438c6ba5bd3a9edb51a60be10ea592407a8fe08c92e1242b9d85958581f"
url = "https://github.com/astral-sh/ty/releases/download/0.0.57/ty-aarch64-apple-darwin.tar.gz"
url_api = "https://api.github.com/repos/astral-sh/ty/releases/assets/470205310"
provenance = "github-attestations"

[tools.ty."platforms.macos-x64"]
checksum = "sha256:da3e6293dd2af86c2412d15f65d48d7804f9d35857647b0059e2dd6a58d1e4a6"
url = "https://github.com/astral-sh/ty/releases/download/0.0.57/ty-x86_64-apple-darwin.tar.gz"
url_api = "https://api.github.com/repos/astral-sh/ty/releases/assets/470205395"
provenance = "github-attestations"

[tools.ty."platforms.windows-x64"]
checksum = "sha256:1fc59ebb6f18cd4d5e9f58cc5b86b4a32caf6bac2813054d74f1449bc1f81d7e"
url = "https://github.com/astral-sh/ty/releases/download/0.0.57/ty-x86_64-pc-windows-msvc.zip"
url_api = "https://api.github.com/repos/astral-sh/ty/releases/assets/470205397"
provenance = "github-attestations"

[[tools.uv]]
version = "0.11.29"
backend = "aqua:astral-sh/uv"

[tools.uv."platforms.linux-arm64"]
checksum = "sha256:593d79a797ece3f1dfaaf3e0a973263422a135d9262c7dbc6cd75d9c11acc0b4"
url = "https://github.com/astral-sh/uv/releases/download/0.11.29/uv-aarch64-unknown-linux-musl.tar.gz"
url_api = "https://api.github.com/repos/astral-sh/uv/releases/assets/478261262"
provenance = "github-attestations"

[tools.uv."platforms.linux-arm64-musl"]
checksum = "sha256:593d79a797ece3f1dfaaf3e0a973263422a135d9262c7dbc6cd75d9c11acc0b4"
url = "https://github.com/astral-sh/uv/releases/download/0.11.29/uv-aarch64-unknown-linux-musl.tar.gz"
url_api = "https://api.github.com/repos/astral-sh/uv/releases/assets/478261262"
provenance = "github-attestations"

[tools.uv."platforms.linux-x64"]
checksum = "sha256:46711858adb2a3acaa9cee00f9060688ad1fd5706aecc005b96a6a7f285a00b7"
url = "https://github.com/astral-sh/uv/releases/download/0.11.29/uv-x86_64-unknown-linux-musl.tar.gz"
url_api = "https://api.github.com/repos/astral-sh/uv/releases/assets/478261352"
provenance = "github-attestations"

[tools.uv."platforms.linux-x64-musl"]
checksum = "sha256:46711858adb2a3acaa9cee00f9060688ad1fd5706aecc005b96a6a7f285a00b7"
url = "https://github.com/astral-sh/uv/releases/download/0.11.29/uv-x86_64-unknown-linux-musl.tar.gz"
url_api = "https://api.github.com/repos/astral-sh/uv/releases/assets/478261352"
provenance = "github-attestations"

[tools.uv."platforms.macos-arm64"]
checksum = "sha256:61c04acc52a33ef0f331e494bdfbedcdb6c26c6970c022ed3699e5860f8930e3"
url = "https://github.com/astral-sh/uv/releases/download/0.11.29/uv-aarch64-apple-darwin.tar.gz"
url_api = "https://api.github.com/repos/astral-sh/uv/releases/assets/478261245"
provenance = "github-attestations"

[tools.uv."platforms.macos-x64"]
checksum = "sha256:c4c4de482da9ccdd076dc4fb5cfe7b740609029385c72f58606be3153602387d"
url = "https://github.com/astral-sh/uv/releases/download/0.11.29/uv-x86_64-apple-darwin.tar.gz"
url_api = "https://api.github.com/repos/astral-sh/uv/releases/assets/478261331"
provenance = "github-attestations"

[tools.uv."platforms.windows-x64"]
checksum = "sha256:a047d55651bc3e0ca24595b25ec4cfcb10f9dca9fb56514e661269b37d4fae68"
url = "https://github.com/astral-sh/uv/releases/download/0.11.29/uv-x86_64-pc-windows-msvc.zip"
url_api = "https://api.github.com/repos/astral-sh/uv/releases/assets/478261333"
provenance = "github-attestations"

[[tools.zizmor]]
version = "1.26.1"
backend = "aqua:zizmorcore/zizmor"

[tools.zizmor."platforms.linux-arm64"]
checksum = "sha256:711f5af366b299128f9a04b1470e37d990b41fbd21f14a1a4148d25004a83762"
url = "https://github.com/zizmorcore/zizmor/releases/download/v1.26.1/zizmor-aarch64-unknown-linux-gnu.tar.gz"
url_api = "https://api.github.com/repos/zizmorcore/zizmor/releases/assets/453417983"
provenance = "github-attestations"

[tools.zizmor."platforms.linux-arm64-musl"]
provenance = "github-attestations"

[tools.zizmor."platforms.linux-x64"]
checksum = "sha256:8556289a64e7aaf2400cd516f61a471aa91c5902cc56ad96a82fd12f90c2ef73"
url = "https://github.com/zizmorcore/zizmor/releases/download/v1.26.1/zizmor-x86_64-unknown-linux-gnu.tar.gz"
url_api = "https://api.github.com/repos/zizmorcore/zizmor/releases/assets/453417985"
provenance = "github-attestations"

[tools.zizmor."platforms.linux-x64-musl"]
provenance = "github-attestations"

[tools.zizmor."platforms.macos-arm64"]
checksum = "sha256:68ab2b37836bbd44f6cfffcc102b9ffffbc20c5d67d84293dafb63bd2775a1da"
url = "https://github.com/zizmorcore/zizmor/releases/download/v1.26.1/zizmor-aarch64-apple-darwin.tar.gz"
url_api = "https://api.github.com/repos/zizmorcore/zizmor/releases/assets/453417984"
provenance = "github-attestations"

[tools.zizmor."platforms.macos-x64"]
checksum = "sha256:2967414a561f8c1264121e8f723c3b5abcf3d1bf7ce5063114df99985dd75801"
url = "https://github.com/zizmorcore/zizmor/releases/download/v1.26.1/zizmor-x86_64-apple-darwin.tar.gz"
url_api = "https://api.github.com/repos/zizmorcore/zizmor/releases/assets/453417982"
provenance = "github-attestations"

[tools.zizmor."platforms.windows-x64"]
checksum = "sha256:c6cea156935e3b9d36faeca4fd8f622d23f7a7578da26adb34e6456abd9beb9a"
url = "https://github.com/zizmorcore/zizmor/releases/download/v1.26.1/zizmor-x86_64-pc-windows-msvc.zip"
url_api = "https://api.github.com/repos/zizmorcore/zizmor/releases/assets/453417981"
provenance = "github-attestations"
